
Microsoft Visual Studio Solution File, Format Version 12.00
# Visual Studio Version 17
VisualStudioVersion = 17.5.33424.131
MinimumVisualStudioVersion = 10.0.40219.1
Project("{8BC9CEB8-8B4A-11D0-8D11-00A0C91BC942}") = "SDL_events", "SDL_events.vcxproj", "{BCEB0DF0-869A-4002-8317-6ECD47F26E68}"
EndProject
Global
	GlobalSection(SolutionConfigurationPlatforms) = preSolution
		Debug|x64 = Debug|x64
		Debug|x86 = Debug|x86
		Release|x64 = Release|x64
		Release|x86 = Release|x86
	EndGlobalSection
	GlobalSection(ProjectConfigurationPlatforms) = postSolution
		{BCEB0DF0-869A-4002-8317-6ECD47F26E68}.Debug|x64.ActiveCfg = Debug|x64
		{BCEB0DF0-869A-4002-8317-6ECD47F26E68}.Debug|x64.Build.0 = Debug|x64
		{BCEB0DF0-869A-4002-8317-6ECD47F26E68}.Debug|x86.ActiveCfg = Debug|Win32
		{BCEB0DF0-869A-4002-8317-6ECD47F26E68}.Debug|x86.Build.0 = Debug|Win32
		{BCEB0DF0-869A-4002-8317-6ECD47F26E68}.Release|x64.ActiveCfg = Release|x64
		{BCEB0DF0-869A-4002-8317-6ECD47F26E68}.Release|x64.Build.0 = Release|x64
		{BCEB0DF0-869A-4002-8317-6ECD47F26E68}.Release|x86.ActiveCfg = Release|Win32
		{BCEB0DF0-869A-4002-8317-6ECD47F26E68}.Release|x86.Build.0 = Release|Win32
	EndGlobalSection
	GlobalSection(SolutionProperties) = preSolution
		HideSolutionNode = FALSE
	EndGlobalSection
	GlobalSection(ExtensibilityGlobals) = postSolution
		SolutionGuid = {81FA1847-CC8D-4AE7-BADE-44E6C4E4D00E}
	EndGlobalSection
EndGlobal
